
Microsoft Visual Studio Solution File, Format Version 12.00
# Visual Studio Version 17
VisualStudioVersion = 17.9.34607.119
MinimumVisualStudioVersion = 10.0.40219.1
Project("{FAE04EC0-301F-11D3-BF4B-00C04F79EFBC}") = "CRYPTOKliker", "CRYPTOKliker\CRYPTOKliker.csproj", "{0455E763-3E6F-44F9-9914-B06811A32EC2}"
EndProject
Global
	GlobalSection(SolutionConfigurationPlatforms) = preSolution
		Debug|Any CPU = Debug|Any CPU
		Release|Any CPU = Release|Any CPU
	EndGlobalSection
	GlobalSection(ProjectConfigurationPlatforms) = postSolution
		{0455E763-3E6F-44F9-9914-B06811A32EC2}.Debug|Any CPU.ActiveCfg = Debug|Any CPU
		{0455E763-3E6F-44F9-9914-B06811A32EC2}.Debug|Any CPU.Build.0 = Debug|Any CPU
		{0455E763-3E6F-44F9-9914-B06811A32EC2}.Release|Any CPU.ActiveCfg = Release|Any CPU
		{0455E763-3E6F-44F9-9914-B06811A32EC2}.Release|Any CPU.Build.0 = Release|Any CPU
	EndGlobalSection
	GlobalSection(SolutionProperties) = preSolution
		HideSolutionNode = FALSE
	EndGlobalSection
	GlobalSection(ExtensibilityGlobals) = postSolution
		SolutionGuid = {F6CD94C4-3051-4BAB-A0E1-613C26284EF9}
	EndGlobalSection
EndGlobal
